
Microsoft Visual Studio Solution File, Format Version 12.00
# Visual Studio 15
VisualStudioVersion = 15.0.28307.489
MinimumVisualStudioVersion = 10.0.40219.1
Project("{FAE04EC0-301F-11D3-BF4B-00C04F79EFBC}") = "WpfApp1", "WpfApp1\WpfApp1.csproj", "{1793D52A-AF17-425A-8750-361E9E6E6400}"
EndProject
Project("{54435603-DBB4-11D2-8724-00A0C9A8B90C}") = "Starper", "Starper\Starper.vdproj", "{7161817D-0D77-481E-A474-89526CDDF273}"
EndProject
Global
	GlobalSection(SolutionConfigurationPlatforms) = preSolution
		Debug|Any CPU = Debug|Any CPU
		Release|Any CPU = Release|Any CPU
	EndGlobalSection
	GlobalSection(ProjectConfigurationPlatforms) = postSolution
		{1793D52A-AF17-425A-8750-361E9E6E6400}.Debug|Any CPU.ActiveCfg = Debug|Any CPU
		{1793D52A-AF17-425A-8750-361E9E6E6400}.Debug|Any CPU.Build.0 = Debug|Any CPU
		{1793D52A-AF17-425A-8750-361E9E6E6400}.Release|Any CPU.ActiveCfg = Release|Any CPU
		{1793D52A-AF17-425A-8750-361E9E6E6400}.Release|Any CPU.Build.0 = Release|Any CPU
		{7161817D-0D77-481E-A474-89526CDDF273}.Debug|Any CPU.ActiveCfg = Debug
		{7161817D-0D77-481E-A474-89526CDDF273}.Release|Any CPU.ActiveCfg = Release
	EndGlobalSection
	GlobalSection(SolutionProperties) = preSolution
		HideSolutionNode = FALSE
	EndGlobalSection
	GlobalSection(ExtensibilityGlobals) = postSolution
		SolutionGuid = {E2B97406-9FAF-4631-8229-A1C70BC81820}
	EndGlobalSection
EndGlobal
